
Microsoft Visual Studio Solution File, Format Version 12.00
# Visual Studio Version 17
VisualStudioVersion = 17.14.36408.4 d17.14
MinimumVisualStudioVersion = 10.0.40219.1
Project("{FAE04EC0-301F-11D3-BF4B-00C04F79EFBC}") = "LibraryAutomation", "LibraryAutomation\LibraryAutomation.csproj", "{0E06346E-1155-4CD1-A218-96BC17712BBA}"
EndProject
Global
	GlobalSection(SolutionConfigurationPlatforms) = preSolution
		Debug|Any CPU = Debug|Any CPU
		Release|Any CPU = Release|Any CPU
	EndGlobalSection
	GlobalSection(ProjectConfigurationPlatforms) = postSolution
		{0E06346E-1155-4CD1-A218-96BC17712BBA}.Debug|Any CPU.ActiveCfg = Debug|Any CPU
		{0E06346E-1155-4CD1-A218-96BC17712BBA}.Debug|Any CPU.Build.0 = Debug|Any CPU
		{0E06346E-1155-4CD1-A218-96BC17712BBA}.Release|Any CPU.ActiveCfg = Release|Any CPU
		{0E06346E-1155-4CD1-A218-96BC17712BBA}.Release|Any CPU.Build.0 = Release|Any CPU
	EndGlobalSection
	GlobalSection(SolutionProperties) = preSolution
		HideSolutionNode = FALSE
	EndGlobalSection
	GlobalSection(ExtensibilityGlobals) = postSolution
		SolutionGuid = {0F0BA516-B16C-4879-A21A-C204BA110B20}
	EndGlobalSection
EndGlobal
